// !$*UTF8*$!
{
	archiveVersion = 1;
	classes = {
	};
	objectVersion = 55;
	objects = {

/* Begin PBXBuildFile section */
		0004A16B28CC7C6400D491C4 /* AccessTokenManager.swift in Sources */ = {isa = PBXBuildFile; fileRef = 0004A16A28CC7C6400D491C4 /* AccessTokenManager.swift */; };
		0004A16D28CC7F9C00D491C4 /* MockAccessTokenManager.swift in Sources */ = {isa = PBXBuildFile; fileRef = 0004A16C28CC7F9C00D491C4 /* MockAccessTokenManager.swift */; };
		000AF31C28C9FE4200B658A0 /* LabelDAO.swift in Sources */ = {isa = PBXBuildFile; fileRef = 000AF31B28C9FE4200B658A0 /* LabelDAO.swift */; };
		00110E3A28BCEB6300BA327F /* URLSessionProtocol.swift in Sources */ = {isa = PBXBuildFile; fileRef = 00110E3928BCEB6300BA327F /* URLSessionProtocol.swift */; };
		00110E3D28BCEC9100BA327F /* MockURLSession.swift in Sources */ = {isa = PBXBuildFile; fileRef = 00110E3C28BCEC9100BA327F /* MockURLSession.swift */; };
		00110E4028BCED9700BA327F /* MockURLData.swift in Sources */ = {isa = PBXBuildFile; fileRef = 00110E3F28BCED9700BA327F /* MockURLData.swift */; };
		001A757528CF538F001CE274 /* Tab.swift in Sources */ = {isa = PBXBuildFile; fileRef = 001A757428CF538F001CE274 /* Tab.swift */; };
		00239D4828BC511C00CC1DC1 /* OAuthInteractor.swift in Sources */ = {isa = PBXBuildFile; fileRef = 00239D4728BC511C00CC1DC1 /* OAuthInteractor.swift */; };
		002789862885986D00BDCDA4 /* LabelLabApp.swift in Sources */ = {isa = PBXBuildFile; fileRef = 002789852885986D00BDCDA4 /* LabelLabApp.swift */; };
		002789882885986D00BDCDA4 /* ContentView.swift in Sources */ = {isa = PBXBuildFile; fileRef = 002789872885986D00BDCDA4 /* ContentView.swift */; };
		0027898A2885986F00BDCDA4 /* Assets.xcassets in Resources */ = {isa = PBXBuildFile; fileRef = 002789892885986F00BDCDA4 /* Assets.xcassets */; };
		0027898D2885986F00BDCDA4 /* Preview Assets.xcassets in Resources */ = {isa = PBXBuildFile; fileRef = 0027898C2885986F00BDCDA4 /* Preview Assets.xcassets */; };
		002789A22885986F00BDCDA4 /* LabelLabUITests.swift in Sources */ = {isa = PBXBuildFile; fileRef = 002789A12885986F00BDCDA4 /* LabelLabUITests.swift */; };
		002789A42885986F00BDCDA4 /* LabelLabUITestsLaunchTests.swift in Sources */ = {isa = PBXBuildFile; fileRef = 002789A32885986F00BDCDA4 /* LabelLabUITestsLaunchTests.swift */; };
		002D300428C37ECE00E8FC55 /* GithubRepository.swift in Sources */ = {isa = PBXBuildFile; fileRef = 002D300328C37ECE00E8FC55 /* GithubRepository.swift */; };
		0036B29D28CB19BF00496966 /* Binding.swift in Sources */ = {isa = PBXBuildFile; fileRef = 0036B29C28CB19BF00496966 /* Binding.swift */; };
		0037AD9C28AE3AE4000C36AC /* AppState.swift in Sources */ = {isa = PBXBuildFile; fileRef = 0037AD9B28AE3AE4000C36AC /* AppState.swift */; };
		0037AD9E28AE3CCB000C36AC /* DIContainer.swift in Sources */ = {isa = PBXBuildFile; fileRef = 0037AD9D28AE3CCB000C36AC /* DIContainer.swift */; };
		0037ADA028AE41EE000C36AC /* Helpers.swift in Sources */ = {isa = PBXBuildFile; fileRef = 0037AD9F28AE41EE000C36AC /* Helpers.swift */; };
		0037ADA228AE42E0000C36AC /* Interactors.swift in Sources */ = {isa = PBXBuildFile; fileRef = 0037ADA128AE42E0000C36AC /* Interactors.swift */; };
		0037ADA428AE4555000C36AC /* Loadable.swift in Sources */ = {isa = PBXBuildFile; fileRef = 0037ADA328AE4555000C36AC /* Loadable.swift */; };
		0037ADA628AE47CB000C36AC /* AuthenticationRequiredLoadable.swift in Sources */ = {isa = PBXBuildFile; fileRef = 0037ADA528AE47CB000C36AC /* AuthenticationRequiredLoadable.swift */; };
		0037ADA828AE5789000C36AC /* Template.swift in Sources */ = {isa = PBXBuildFile; fileRef = 0037ADA728AE5789000C36AC /* Template.swift */; };
		0037ADAA28AE579E000C36AC /* UserInfo.swift in Sources */ = {isa = PBXBuildFile; fileRef = 0037ADA928AE579E000C36AC /* UserInfo.swift */; };
		0037ADAC28AE57A4000C36AC /* Label.swift in Sources */ = {isa = PBXBuildFile; fileRef = 0037ADAB28AE57A4000C36AC /* Label.swift */; };
		0038C29F28B50976009C98E2 /* AuthorizePopup.swift in Sources */ = {isa = PBXBuildFile; fileRef = 0038C29E28B50976009C98E2 /* AuthorizePopup.swift */; };
		0044B17428BEE97600613190 /* .swiftlint.yml in Resources */ = {isa = PBXBuildFile; fileRef = 0044B17328BEE97600613190 /* .swiftlint.yml */; };
		0044B17628BEF57100613190 /* KeychainConst.swift in Sources */ = {isa = PBXBuildFile; fileRef = 0044B17528BEF57100613190 /* KeychainConst.swift */; };
		0045FF7E28CB088900F2B0D3 /* MockGithubService.swift in Sources */ = {isa = PBXBuildFile; fileRef = 0045FF7D28CB088900F2B0D3 /* MockGithubService.swift */; };
		0045FF8328CB0A1900F2B0D3 /* UploadToGithubInteractorTests.swift in Sources */ = {isa = PBXBuildFile; fileRef = 0045FF8228CB0A1900F2B0D3 /* UploadToGithubInteractorTests.swift */; };
		0045FF8528CB0A7A00F2B0D3 /* UploadToGithubInteractor.swift in Sources */ = {isa = PBXBuildFile; fileRef = 0045FF8428CB0A7A00F2B0D3 /* UploadToGithubInteractor.swift */; };
		004D7ABD28C3875B007D17D5 /* RepositoryList.swift in Sources */ = {isa = PBXBuildFile; fileRef = 004D7ABC28C3875B007D17D5 /* RepositoryList.swift */; };
		005F466428C4E5100072ED1E /* SDWebImageSwiftUI in Frameworks */ = {isa = PBXBuildFile; productRef = 005F466328C4E5100072ED1E /* SDWebImageSwiftUI */; };
		00617F5328BF4887008B5952 /* ConstantData.swift in Sources */ = {isa = PBXBuildFile; fileRef = 00617F5228BF4887008B5952 /* ConstantData.swift */; };
		00674CA028AF793C00E850B7 /* Color.swift in Sources */ = {isa = PBXBuildFile; fileRef = 00674C9F28AF793C00E850B7 /* Color.swift */; };
		00674CA228AF7D4700E850B7 /* MockData.swift in Sources */ = {isa = PBXBuildFile; fileRef = 00674CA128AF7D4700E850B7 /* MockData.swift */; };
		007151B528C9FC6D009438EE /* MockData.swift in Sources */ = {isa = PBXBuildFile; fileRef = 007151B428C9FC6D009438EE /* MockData.swift */; };
		0085688128D69EDE00A88CB8 /* LabelCell.swift in Sources */ = {isa = PBXBuildFile; fileRef = 0085688028D69EDE00A88CB8 /* LabelCell.swift */; };
		0085688328D6A7F000A88CB8 /* DefaultButton.swift in Sources */ = {isa = PBXBuildFile; fileRef = 0085688228D6A7F000A88CB8 /* DefaultButton.swift */; };
		0085688628D6B09000A88CB8 /* MyTemplateList.swift in Sources */ = {isa = PBXBuildFile; fileRef = 0085688528D6B09000A88CB8 /* MyTemplateList.swift */; };
		0085688828D6CE6700A88CB8 /* TemplateCell.swift in Sources */ = {isa = PBXBuildFile; fileRef = 0085688728D6CE6700A88CB8 /* TemplateCell.swift */; };
		0085688A28D6D02000A88CB8 /* CircleButton.swift in Sources */ = {isa = PBXBuildFile; fileRef = 0085688928D6D02000A88CB8 /* CircleButton.swift */; };
		0085688D28D6D49C00A88CB8 /* ViewExtension.swift in Sources */ = {isa = PBXBuildFile; fileRef = 0085688C28D6D49C00A88CB8 /* ViewExtension.swift */; };
		0095889028C9C341000FD6D5 /* KeyChainWrapper in Frameworks */ = {isa = PBXBuildFile; productRef = 0095888F28C9C341000FD6D5 /* KeyChainWrapper */; };
		0095889228C9C999000FD6D5 /* UploadPopup.swift in Sources */ = {isa = PBXBuildFile; fileRef = 0095889128C9C999000FD6D5 /* UploadPopup.swift */; };
		00A79A2F2886DC48006D5DCD /* GoogleService-Info.plist in Resources */ = {isa = PBXBuildFile; fileRef = 00A79A2E2886DC48006D5DCD /* GoogleService-Info.plist */; };
		00A79A322886DD6C006D5DCD /* FirebaseAuth in Frameworks */ = {isa = PBXBuildFile; productRef = 00A79A312886DD6C006D5DCD /* FirebaseAuth */; };
		00A79A342886DD6C006D5DCD /* FirebaseFirestore in Frameworks */ = {isa = PBXBuildFile; productRef = 00A79A332886DD6C006D5DCD /* FirebaseFirestore */; };
		00A79A362886DD6C006D5DCD /* FirebaseFirestoreSwift in Frameworks */ = {isa = PBXBuildFile; productRef = 00A79A352886DD6C006D5DCD /* FirebaseFirestoreSwift */; };
		00B013F428C5826D001CE4A6 /* CircleWebImage.swift in Sources */ = {isa = PBXBuildFile; fileRef = 00B013F328C5826D001CE4A6 /* CircleWebImage.swift */; };
		00C7760C28CF5FAE008D1686 /* MyTemplateDetail.swift in Sources */ = {isa = PBXBuildFile; fileRef = 00C7760B28CF5FAE008D1686 /* MyTemplateDetail.swift */; };
		00CB3F0C28C047BD006B1536 /* MockOAuthInteractor.swift in Sources */ = {isa = PBXBuildFile; fileRef = 00CB3F0B28C047BD006B1536 /* MockOAuthInteractor.swift */; };
		00CB3F0F28C04940006B1536 /* MockDIContainer.swift in Sources */ = {isa = PBXBuildFile; fileRef = 00CB3F0E28C04940006B1536 /* MockDIContainer.swift */; };
		00DDBA9828C3786900FB1240 /* GithubRepAPI.swift in Sources */ = {isa = PBXBuildFile; fileRef = 00DDBA9728C3786900FB1240 /* GithubRepAPI.swift */; };
		00DDBA9A28C37A1A00FB1240 /* GithubService.swift in Sources */ = {isa = PBXBuildFile; fileRef = 00DDBA9928C37A1A00FB1240 /* GithubService.swift */; };
		00DDBA9C28C37B2300FB1240 /* GithubServiceTests.swift in Sources */ = {isa = PBXBuildFile; fileRef = 00DDBA9B28C37B2300FB1240 /* GithubServiceTests.swift */; };
		00DF161228B4F4AF008A8A30 /* DeepLinkHandlerTests.swift in Sources */ = {isa = PBXBuildFile; fileRef = 00DF161128B4F4AF008A8A30 /* DeepLinkHandlerTests.swift */; };
		00DF161428B4F7C5008A8A30 /* DeepLinkHandler.swift in Sources */ = {isa = PBXBuildFile; fileRef = 00DF161328B4F7C5008A8A30 /* DeepLinkHandler.swift */; };
		00E677BF28BCF86400918BF0 /* OAuthInteractorTests.swift in Sources */ = {isa = PBXBuildFile; fileRef = 00E677BE28BCF86400918BF0 /* OAuthInteractorTests.swift */; };
		00E677C128BD017700918BF0 /* MockOAuthService.swift in Sources */ = {isa = PBXBuildFile; fileRef = 00E677C028BD017700918BF0 /* MockOAuthService.swift */; };
		00E9334C28CD76DB008ECC8B /* Sidebar.swift in Sources */ = {isa = PBXBuildFile; fileRef = 00E9334B28CD76DB008ECC8B /* Sidebar.swift */; };
		00E9334E28CD8229008ECC8B /* LogoutPopup.swift in Sources */ = {isa = PBXBuildFile; fileRef = 00E9334D28CD8229008ECC8B /* LogoutPopup.swift */; };
		00F8F10728B4785A00D688AC /* KeyStorage.swift in Sources */ = {isa = PBXBuildFile; fileRef = 00F8F10628B4785A00D688AC /* KeyStorage.swift */; };
		00F8F10A28B4798D00D688AC /* OAuthAuthenticatorTest.swift in Sources */ = {isa = PBXBuildFile; fileRef = 00F8F10928B4798D00D688AC /* OAuthAuthenticatorTest.swift */; };
		00F8F10D28B47AC200D688AC /* OAuthService.swift in Sources */ = {isa = PBXBuildFile; fileRef = 00F8F10C28B47AC200D688AC /* OAuthService.swift */; };
		00F8F10F28B49E6300D688AC /* APICall.swift in Sources */ = {isa = PBXBuildFile; fileRef = 00F8F10E28B49E6300D688AC /* APICall.swift */; };
		00F8F11228B4A0A500D688AC /* GithubAuthAPI.swift in Sources */ = {isa = PBXBuildFile; fileRef = 00F8F11128B4A0A500D688AC /* GithubAuthAPI.swift */; };
		00F8F11428B4A1A200D688AC /* URLCollection.swift in Sources */ = {isa = PBXBuildFile; fileRef = 00F8F11328B4A1A200D688AC /* URLCollection.swift */; };
		A762EF9C28D6F49B0042ADFC /* CustomImageButton.swift in Sources */ = {isa = PBXBuildFile; fileRef = A762EF9B28D6F49B0042ADFC /* CustomImageButton.swift */; };
		A7AFD1D328BBCCDC000D8167 /* BasicButton.swift in Sources */ = {isa = PBXBuildFile; fileRef = A7AFD1D228BBCCDC000D8167 /* BasicButton.swift */; };
		A7AFD1D928BC3F44000D8167 /* DismissButton.swift in Sources */ = {isa = PBXBuildFile; fileRef = A7AFD1D828BC3F44000D8167 /* DismissButton.swift */; };
/* End PBXBuildFile section */

/* Begin PBXContainerItemProxy section */
		002789942885986F00BDCDA4 /* PBXContainerItemProxy */ = {
			isa = PBXContainerItemProxy;
			containerPortal = 0027897A2885986C00BDCDA4 /* Project object */;
			proxyType = 1;
			remoteGlobalIDString = 002789812885986D00BDCDA4;
			remoteInfo = LabelLab;
		};
		0027899E2885986F00BDCDA4 /* PBXContainerItemProxy */ = {
			isa = PBXContainerItemProxy;
			containerPortal = 0027897A2885986C00BDCDA4 /* Project object */;
			proxyType = 1;
			remoteGlobalIDString = 002789812885986D00BDCDA4;
			remoteInfo = LabelLab;
		};
/* End PBXContainerItemProxy section */

/* Begin PBXFileReference section */
		0004A16A28CC7C6400D491C4 /* AccessTokenManager.swift */ = {isa = PBXFileReference; lastKnownFileType = sourcecode.swift; path = AccessTokenManager.swift; sourceTree = "<group>"; };
		0004A16C28CC7F9C00D491C4 /* MockAccessTokenManager.swift */ = {isa = PBXFileReference; lastKnownFileType = sourcecode.swift; path = MockAccessTokenManager.swift; sourceTree = "<group>"; };
		000AF31B28C9FE4200B658A0 /* LabelDAO.swift */ = {isa = PBXFileReference; lastKnownFileType = sourcecode.swift; path = LabelDAO.swift; sourceTree = "<group>"; };
		00110E3928BCEB6300BA327F /* URLSessionProtocol.swift */ = {isa = PBXFileReference; lastKnownFileType = sourcecode.swift; path = URLSessionProtocol.swift; sourceTree = "<group>"; };
		00110E3C28BCEC9100BA327F /* MockURLSession.swift */ = {isa = PBXFileReference; lastKnownFileType = sourcecode.swift; path = MockURLSession.swift; sourceTree = "<group>"; };
		00110E3F28BCED9700BA327F /* MockURLData.swift */ = {isa = PBXFileReference; lastKnownFileType = sourcecode.swift; path = MockURLData.swift; sourceTree = "<group>"; };
		001A757428CF538F001CE274 /* Tab.swift */ = {isa = PBXFileReference; lastKnownFileType = sourcecode.swift; path = Tab.swift; sourceTree = "<group>"; };
		00239D4728BC511C00CC1DC1 /* OAuthInteractor.swift */ = {isa = PBXFileReference; lastKnownFileType = sourcecode.swift; path = OAuthInteractor.swift; sourceTree = "<group>"; };
		002789822885986D00BDCDA4 /* LabelLab.app */ = {isa = PBXFileReference; explicitFileType = wrapper.application; includeInIndex = 0; path = LabelLab.app; sourceTree = BUILT_PRODUCTS_DIR; };
		002789852885986D00BDCDA4 /* LabelLabApp.swift */ = {isa = PBXFileReference; lastKnownFileType = sourcecode.swift; path = LabelLabApp.swift; sourceTree = "<group>"; };
		002789872885986D00BDCDA4 /* ContentView.swift */ = {isa = PBXFileReference; lastKnownFileType = sourcecode.swift; path = ContentView.swift; sourceTree = "<group>"; };
		002789892885986F00BDCDA4 /* Assets.xcassets */ = {isa = PBXFileReference; lastKnownFileType = folder.assetcatalog; path = Assets.xcassets; sourceTree = "<group>"; };
		0027898C2885986F00BDCDA4 /* Preview Assets.xcassets */ = {isa = PBXFileReference; lastKnownFileType = folder.assetcatalog; path = "Preview Assets.xcassets"; sourceTree = "<group>"; };
		0027898E2885986F00BDCDA4 /* LabelLab.entitlements */ = {isa = PBXFileReference; lastKnownFileType = text.plist.entitlements; path = LabelLab.entitlements; sourceTree = "<group>"; };
		002789932885986F00BDCDA4 /* LabelLabTests.xctest */ = {isa = PBXFileReference; explicitFileType = wrapper.cfbundle; includeInIndex = 0; path = LabelLabTests.xctest; sourceTree = BUILT_PRODUCTS_DIR; };
		0027899D2885986F00BDCDA4 /* LabelLabUITests.xctest */ = {isa = PBXFileReference; explicitFileType = wrapper.cfbundle; includeInIndex = 0; path = LabelLabUITests.xctest; sourceTree = BUILT_PRODUCTS_DIR; };
		002789A12885986F00BDCDA4 /* LabelLabUITests.swift */ = {isa = PBXFileReference; lastKnownFileType = sourcecode.swift; path = LabelLabUITests.swift; sourceTree = "<group>"; };
		002789A32885986F00BDCDA4 /* LabelLabUITestsLaunchTests.swift */ = {isa = PBXFileReference; lastKnownFileType = sourcecode.swift; path = LabelLabUITestsLaunchTests.swift; sourceTree = "<group>"; };
		002D300328C37ECE00E8FC55 /* GithubRepository.swift */ = {isa = PBXFileReference; lastKnownFileType = sourcecode.swift; path = GithubRepository.swift; sourceTree = "<group>"; };
		0036B29C28CB19BF00496966 /* Binding.swift */ = {isa = PBXFileReference; lastKnownFileType = sourcecode.swift; path = Binding.swift; sourceTree = "<group>"; };
		0037AD9B28AE3AE4000C36AC /* AppState.swift */ = {isa = PBXFileReference; lastKnownFileType = sourcecode.swift; path = AppState.swift; sourceTree = "<group>"; };
		0037AD9D28AE3CCB000C36AC /* DIContainer.swift */ = {isa = PBXFileReference; lastKnownFileType = sourcecode.swift; path = DIContainer.swift; sourceTree = "<group>"; };
		0037AD9F28AE41EE000C36AC /* Helpers.swift */ = {isa = PBXFileReference; lastKnownFileType = sourcecode.swift; path = Helpers.swift; sourceTree = "<group>"; };
		0037ADA128AE42E0000C36AC /* Interactors.swift */ = {isa = PBXFileReference; lastKnownFileType = sourcecode.swift; path = Interactors.swift; sourceTree = "<group>"; };
		0037ADA328AE4555000C36AC /* Loadable.swift */ = {isa = PBXFileReference; lastKnownFileType = sourcecode.swift; path = Loadable.swift; sourceTree = "<group>"; };
		0037ADA528AE47CB000C36AC /* AuthenticationRequiredLoadable.swift */ = {isa = PBXFileReference; lastKnownFileType = sourcecode.swift; path = AuthenticationRequiredLoadable.swift; sourceTree = "<group>"; };
		0037ADA728AE5789000C36AC /* Template.swift */ = {isa = PBXFileReference; lastKnownFileType = sourcecode.swift; path = Template.swift; sourceTree = "<group>"; };
		0037ADA928AE579E000C36AC /* UserInfo.swift */ = {isa = PBXFileReference; lastKnownFileType = sourcecode.swift; path = UserInfo.swift; sourceTree = "<group>"; };
		0037ADAB28AE57A4000C36AC /* Label.swift */ = {isa = PBXFileReference; lastKnownFileType = sourcecode.swift; path = Label.swift; sourceTree = "<group>"; };
		0038C29E28B50976009C98E2 /* AuthorizePopup.swift */ = {isa = PBXFileReference; lastKnownFileType = sourcecode.swift; path = AuthorizePopup.swift; sourceTree = "<group>"; };
		0044B17328BEE97600613190 /* .swiftlint.yml */ = {isa = PBXFileReference; lastKnownFileType = text.yaml; path = .swiftlint.yml; sourceTree = "<group>"; };
		0044B17528BEF57100613190 /* KeychainConst.swift */ = {isa = PBXFileReference; lastKnownFileType = sourcecode.swift; path = KeychainConst.swift; sourceTree = "<group>"; };
		0045FF7D28CB088900F2B0D3 /* MockGithubService.swift */ = {isa = PBXFileReference; lastKnownFileType = sourcecode.swift; path = MockGithubService.swift; sourceTree = "<group>"; };
		0045FF8228CB0A1900F2B0D3 /* UploadToGithubInteractorTests.swift */ = {isa = PBXFileReference; lastKnownFileType = sourcecode.swift; path = UploadToGithubInteractorTests.swift; sourceTree = "<group>"; };
		0045FF8428CB0A7A00F2B0D3 /* UploadToGithubInteractor.swift */ = {isa = PBXFileReference; lastKnownFileType = sourcecode.swift; path = UploadToGithubInteractor.swift; sourceTree = "<group>"; };
		004D7ABC28C3875B007D17D5 /* RepositoryList.swift */ = {isa = PBXFileReference; lastKnownFileType = sourcecode.swift; path = RepositoryList.swift; sourceTree = "<group>"; };
		00617F5228BF4887008B5952 /* ConstantData.swift */ = {isa = PBXFileReference; lastKnownFileType = sourcecode.swift; path = ConstantData.swift; sourceTree = "<group>"; };
		00674C9F28AF793C00E850B7 /* Color.swift */ = {isa = PBXFileReference; lastKnownFileType = sourcecode.swift; path = Color.swift; sourceTree = "<group>"; };
		00674CA128AF7D4700E850B7 /* MockData.swift */ = {isa = PBXFileReference; lastKnownFileType = sourcecode.swift; path = MockData.swift; sourceTree = "<group>"; };
		007151B428C9FC6D009438EE /* MockData.swift */ = {isa = PBXFileReference; lastKnownFileType = sourcecode.swift; path = MockData.swift; sourceTree = "<group>"; };
		0085688028D69EDE00A88CB8 /* LabelCell.swift */ = {isa = PBXFileReference; lastKnownFileType = sourcecode.swift; path = LabelCell.swift; sourceTree = "<group>"; };
		0085688228D6A7F000A88CB8 /* DefaultButton.swift */ = {isa = PBXFileReference; lastKnownFileType = sourcecode.swift; path = DefaultButton.swift; sourceTree = "<group>"; };
		0085688528D6B09000A88CB8 /* MyTemplateList.swift */ = {isa = PBXFileReference; lastKnownFileType = sourcecode.swift; path = MyTemplateList.swift; sourceTree = "<group>"; };
		0085688728D6CE6700A88CB8 /* TemplateCell.swift */ = {isa = PBXFileReference; lastKnownFileType = sourcecode.swift; path = TemplateCell.swift; sourceTree = "<group>"; };
		0085688928D6D02000A88CB8 /* CircleButton.swift */ = {isa = PBXFileReference; lastKnownFileType = sourcecode.swift; path = CircleButton.swift; sourceTree = "<group>"; };
		0085688C28D6D49C00A88CB8 /* ViewExtension.swift */ = {isa = PBXFileReference; lastKnownFileType = sourcecode.swift; path = ViewExtension.swift; sourceTree = "<group>"; };
		0095889128C9C999000FD6D5 /* UploadPopup.swift */ = {isa = PBXFileReference; lastKnownFileType = sourcecode.swift; path = UploadPopup.swift; sourceTree = "<group>"; };
		00A79A2E2886DC48006D5DCD /* GoogleService-Info.plist */ = {isa = PBXFileReference; fileEncoding = 4; lastKnownFileType = text.plist.xml; path = "GoogleService-Info.plist"; sourceTree = "<group>"; };
		00B013F328C5826D001CE4A6 /* CircleWebImage.swift */ = {isa = PBXFileReference; lastKnownFileType = sourcecode.swift; path = CircleWebImage.swift; sourceTree = "<group>"; };
		00C7760B28CF5FAE008D1686 /* MyTemplateDetail.swift */ = {isa = PBXFileReference; lastKnownFileType = sourcecode.swift; path = MyTemplateDetail.swift; sourceTree = "<group>"; };
		00CB3F0B28C047BD006B1536 /* MockOAuthInteractor.swift */ = {isa = PBXFileReference; lastKnownFileType = sourcecode.swift; path = MockOAuthInteractor.swift; sourceTree = "<group>"; };
		00CB3F0E28C04940006B1536 /* MockDIContainer.swift */ = {isa = PBXFileReference; lastKnownFileType = sourcecode.swift; path = MockDIContainer.swift; sourceTree = "<group>"; };
		00DDBA9728C3786900FB1240 /* GithubRepAPI.swift */ = {isa = PBXFileReference; lastKnownFileType = sourcecode.swift; path = GithubRepAPI.swift; sourceTree = "<group>"; };
		00DDBA9928C37A1A00FB1240 /* GithubService.swift */ = {isa = PBXFileReference; lastKnownFileType = sourcecode.swift; path = GithubService.swift; sourceTree = "<group>"; };
		00DDBA9B28C37B2300FB1240 /* GithubServiceTests.swift */ = {isa = PBXFileReference; lastKnownFileType = sourcecode.swift; path = GithubServiceTests.swift; sourceTree = "<group>"; };
		00DF161128B4F4AF008A8A30 /* DeepLinkHandlerTests.swift */ = {isa = PBXFileReference; lastKnownFileType = sourcecode.swift; path = DeepLinkHandlerTests.swift; sourceTree = "<group>"; };
		00DF161328B4F7C5008A8A30 /* DeepLinkHandler.swift */ = {isa = PBXFileReference; lastKnownFileType = sourcecode.swift; path = DeepLinkHandler.swift; sourceTree = "<group>"; };
		00E677BE28BCF86400918BF0 /* OAuthInteractorTests.swift */ = {isa = PBXFileReference; lastKnownFileType = sourcecode.swift; path = OAuthInteractorTests.swift; sourceTree = "<group>"; };
		00E677C028BD017700918BF0 /* MockOAuthService.swift */ = {isa = PBXFileReference; lastKnownFileType = sourcecode.swift; path = MockOAuthService.swift; sourceTree = "<group>"; };
		00E9334B28CD76DB008ECC8B /* Sidebar.swift */ = {isa = PBXFileReference; lastKnownFileType = sourcecode.swift; path = Sidebar.swift; sourceTree = "<group>"; };
		00E9334D28CD8229008ECC8B /* LogoutPopup.swift */ = {isa = PBXFileReference; lastKnownFileType = sourcecode.swift; path = LogoutPopup.swift; sourceTree = "<group>"; };
		00F8F10528B475CD00D688AC /* Info.plist */ = {isa = PBXFileReference; lastKnownFileType = text.plist.xml; path = Info.plist; sourceTree = "<group>"; };
		00F8F10628B4785A00D688AC /* KeyStorage.swift */ = {isa = PBXFileReference; lastKnownFileType = sourcecode.swift; path = KeyStorage.swift; sourceTree = "<group>"; };
		00F8F10928B4798D00D688AC /* OAuthAuthenticatorTest.swift */ = {isa = PBXFileReference; lastKnownFileType = sourcecode.swift; path = OAuthAuthenticatorTest.swift; sourceTree = "<group>"; };
		00F8F10C28B47AC200D688AC /* OAuthService.swift */ = {isa = PBXFileReference; lastKnownFileType = sourcecode.swift; path = OAuthService.swift; sourceTree = "<group>"; };
		00F8F10E28B49E6300D688AC /* APICall.swift */ = {isa = PBXFileReference; lastKnownFileType = sourcecode.swift; path = APICall.swift; sourceTree = "<group>"; };
		00F8F11128B4A0A500D688AC /* GithubAuthAPI.swift */ = {isa = PBXFileReference; lastKnownFileType = sourcecode.swift; path = GithubAuthAPI.swift; sourceTree = "<group>"; };
		00F8F11328B4A1A200D688AC /* URLCollection.swift */ = {isa = PBXFileReference; lastKnownFileType = sourcecode.swift; path = URLCollection.swift; sourceTree = "<group>"; };
		A762EF9B28D6F49B0042ADFC /* CustomImageButton.swift */ = {isa = PBXFileReference; lastKnownFileType = sourcecode.swift; path = CustomImageButton.swift; sourceTree = "<group>"; };
		A7AFD1D228BBCCDC000D8167 /* BasicButton.swift */ = {isa = PBXFileReference; lastKnownFileType = sourcecode.swift; path = BasicButton.swift; sourceTree = "<group>"; };
		A7AFD1D828BC3F44000D8167 /* DismissButton.swift */ = {isa = PBXFileReference; fileEncoding = 4; lastKnownFileType = sourcecode.swift; path = DismissButton.swift; sourceTree = "<group>"; };
/* End PBXFileReference section */

/* Begin PBXFrameworksBuildPhase section */
		0027897F2885986D00BDCDA4 /* Frameworks */ = {
			isa = PBXFrameworksBuildPhase;
			buildActionMask = 2147483647;
			files = (
				005F466428C4E5100072ED1E /* SDWebImageSwiftUI in Frameworks */,
				0095889028C9C341000FD6D5 /* KeyChainWrapper in Frameworks */,
				00A79A322886DD6C006D5DCD /* FirebaseAuth in Frameworks */,
				00A79A342886DD6C006D5DCD /* FirebaseFirestore in Frameworks */,
				00A79A362886DD6C006D5DCD /* FirebaseFirestoreSwift in Frameworks */,
			);
			runOnlyForDeploymentPostprocessing = 0;
		};
		002789902885986F00BDCDA4 /* Frameworks */ = {
			isa = PBXFrameworksBuildPhase;
			buildActionMask = 2147483647;
			files = (
			);
			runOnlyForDeploymentPostprocessing = 0;
		};
		0027899A2885986F00BDCDA4 /* Frameworks */ = {
			isa = PBXFrameworksBuildPhase;
			buildActionMask = 2147483647;
			files = (
			);
			runOnlyForDeploymentPostprocessing = 0;
		};
/* End PBXFrameworksBuildPhase section */

/* Begin PBXGroup section */
		00110E3B28BCEC8700BA327F /* Mock */ = {
			isa = PBXGroup;
			children = (
				0045FF7F28CB089300F2B0D3 /* Service */,
				00110E3C28BCEC9100BA327F /* MockURLSession.swift */,
				00CB3F0B28C047BD006B1536 /* MockOAuthInteractor.swift */,
				00CB3F0E28C04940006B1536 /* MockDIContainer.swift */,
				007151B428C9FC6D009438EE /* MockData.swift */,
				0004A16C28CC7F9C00D491C4 /* MockAccessTokenManager.swift */,
			);
			path = Mock;
			sourceTree = "<group>";
		};
		00110E3E28BCED5200BA327F /* TestHelpers */ = {
			isa = PBXGroup;
			children = (
				00110E3F28BCED9700BA327F /* MockURLData.swift */,
				00617F5228BF4887008B5952 /* ConstantData.swift */,
				0036B29C28CB19BF00496966 /* Binding.swift */,
			);
			path = TestHelpers;
			sourceTree = "<group>";
		};
		001A757328CF5386001CE274 /* Sidebar */ = {
			isa = PBXGroup;
			children = (
				00E9334B28CD76DB008ECC8B /* Sidebar.swift */,
				001A757428CF538F001CE274 /* Tab.swift */,
			);
			path = Sidebar;
			sourceTree = "<group>";
		};
		002789792885986C00BDCDA4 = {
			isa = PBXGroup;
			children = (
				0044B17328BEE97600613190 /* .swiftlint.yml */,
				00A79A2E2886DC48006D5DCD /* GoogleService-Info.plist */,
				002789842885986D00BDCDA4 /* LabelLab */,
				002789962885986F00BDCDA4 /* LabelLabTests */,
				002789A02885986F00BDCDA4 /* LabelLabUITests */,
				002789832885986D00BDCDA4 /* Products */,
			);
			sourceTree = "<group>";
		};
		002789832885986D00BDCDA4 /* Products */ = {
			isa = PBXGroup;
			children = (
				002789822885986D00BDCDA4 /* LabelLab.app */,
				002789932885986F00BDCDA4 /* LabelLabTests.xctest */,
				0027899D2885986F00BDCDA4 /* LabelLabUITests.xctest */,
			);
			name = Products;
			sourceTree = "<group>";
		};
		002789842885986D00BDCDA4 /* LabelLab */ = {
			isa = PBXGroup;
			children = (
				0085688B28D6D48E00A88CB8 /* Extesnion */,
				00F8F10B28B47AB700D688AC /* Service */,
				002789B2288598AF00BDCDA4 /* Injected */,
				002789B4288598C400BDCDA4 /* Interactors */,
				002789B5288598CC00BDCDA4 /* Models */,
				002789B3288598BD00BDCDA4 /* Repositories */,
				002789B7288598D600BDCDA4 /* Resources */,
				002789B0288598A600BDCDA4 /* System */,
				002789B6288598CE00BDCDA4 /* UI */,
				002789B1288598A900BDCDA4 /* Utilities */,
			);
			path = LabelLab;
			sourceTree = "<group>";
		};
		002789962885986F00BDCDA4 /* LabelLabTests */ = {
			isa = PBXGroup;
			children = (
				00E677BD28BCF84500918BF0 /* Interactors */,
				00110E3B28BCEC8700BA327F /* Mock */,
				00F8F10828B4796500D688AC /* Service */,
				00DF161028B4F49A008A8A30 /* System */,
				00110E3E28BCED5200BA327F /* TestHelpers */,
			);
			path = LabelLabTests;
			sourceTree = "<group>";
		};
		002789A02885986F00BDCDA4 /* LabelLabUITests */ = {
			isa = PBXGroup;
			children = (
				002789A12885986F00BDCDA4 /* LabelLabUITests.swift */,
				002789A32885986F00BDCDA4 /* LabelLabUITestsLaunchTests.swift */,
			);
			path = LabelLabUITests;
			sourceTree = "<group>";
		};
		002789B0288598A600BDCDA4 /* System */ = {
			isa = PBXGroup;
			children = (
				002789852885986D00BDCDA4 /* LabelLabApp.swift */,
				00DF161328B4F7C5008A8A30 /* DeepLinkHandler.swift */,
			);
			path = System;
			sourceTree = "<group>";
		};
		002789B1288598A900BDCDA4 /* Utilities */ = {
			isa = PBXGroup;
			children = (
				00674C9F28AF793C00E850B7 /* Color.swift */,
				0037AD9F28AE41EE000C36AC /* Helpers.swift */,
				0037ADA328AE4555000C36AC /* Loadable.swift */,
				0037ADA528AE47CB000C36AC /* AuthenticationRequiredLoadable.swift */,
				00F8F10628B4785A00D688AC /* KeyStorage.swift */,
				00F8F11328B4A1A200D688AC /* URLCollection.swift */,
				00110E3928BCEB6300BA327F /* URLSessionProtocol.swift */,
				0044B17528BEF57100613190 /* KeychainConst.swift */,
				0004A16A28CC7C6400D491C4 /* AccessTokenManager.swift */,
			);
			path = Utilities;
			sourceTree = "<group>";
		};
		002789B2288598AF00BDCDA4 /* Injected */ = {
			isa = PBXGroup;
			children = (
				0037AD9B28AE3AE4000C36AC /* AppState.swift */,
				0037AD9D28AE3CCB000C36AC /* DIContainer.swift */,
				0037ADA128AE42E0000C36AC /* Interactors.swift */,
			);
			path = Injected;
			sourceTree = "<group>";
		};
		002789B3288598BD00BDCDA4 /* Repositories */ = {
			isa = PBXGroup;
			children = (
			);
			path = Repositories;
			sourceTree = "<group>";
		};
		002789B4288598C400BDCDA4 /* Interactors */ = {
			isa = PBXGroup;
			children = (
				00239D4728BC511C00CC1DC1 /* OAuthInteractor.swift */,
				0045FF8428CB0A7A00F2B0D3 /* UploadToGithubInteractor.swift */,
			);
			path = Interactors;
			sourceTree = "<group>";
		};
		002789B5288598CC00BDCDA4 /* Models */ = {
			isa = PBXGroup;
			children = (
				0037ADA728AE5789000C36AC /* Template.swift */,
				0037ADA928AE579E000C36AC /* UserInfo.swift */,
				0037ADAB28AE57A4000C36AC /* Label.swift */,
				00674CA128AF7D4700E850B7 /* MockData.swift */,
				002D300328C37ECE00E8FC55 /* GithubRepository.swift */,
				000AF31B28C9FE4200B658A0 /* LabelDAO.swift */,
			);
			path = Models;
			sourceTree = "<group>";
		};
		002789B6288598CE00BDCDA4 /* UI */ = {
			isa = PBXGroup;
			children = (
				0036D21D28B5BDE900A08479 /* Components */,
				002789B8288598E800BDCDA4 /* Screens */,
			);
			path = UI;
			sourceTree = "<group>";
		};
		002789B7288598D600BDCDA4 /* Resources */ = {
			isa = PBXGroup;
			children = (
				00F8F10528B475CD00D688AC /* Info.plist */,
				002789892885986F00BDCDA4 /* Assets.xcassets */,
				0027898E2885986F00BDCDA4 /* LabelLab.entitlements */,
				0027898C2885986F00BDCDA4 /* Preview Assets.xcassets */,
			);
			path = Resources;
			sourceTree = "<group>";
		};
		002789B8288598E800BDCDA4 /* Screens */ = {
			isa = PBXGroup;
			children = (
				00C7760A28CF5F7E008D1686 /* MyTemplate */,
				001A757328CF5386001CE274 /* Sidebar */,
				004D7ABB28C38748007D17D5 /* UploadToGithub */,
				0038C29D28B5092D009C98E2 /* Authorize */,
				002789872885986D00BDCDA4 /* ContentView.swift */,
			);
			path = Screens;
			sourceTree = "<group>";
		};
		0036D21D28B5BDE900A08479 /* Components */ = {
			isa = PBXGroup;
			children = (
				00B013F328C5826D001CE4A6 /* CircleWebImage.swift */,
				0085688028D69EDE00A88CB8 /* LabelCell.swift */,
				0085688228D6A7F000A88CB8 /* DefaultButton.swift */,
				0085688928D6D02000A88CB8 /* CircleButton.swift */,
				A762EF9B28D6F49B0042ADFC /* CustomImageButton.swift */,
				A7AFD1DA28BC4485000D8167 /* View */,
				A7AFD1D128BBC6D9000D8167 /* Button */,
			);
			path = Components;
			sourceTree = "<group>";
		};
		0038C29D28B5092D009C98E2 /* Authorize */ = {
			isa = PBXGroup;
			children = (
				0038C29E28B50976009C98E2 /* AuthorizePopup.swift */,
				00E9334D28CD8229008ECC8B /* LogoutPopup.swift */,
			);
			path = Authorize;
			sourceTree = "<group>";
		};
		0045FF7F28CB089300F2B0D3 /* Service */ = {
			isa = PBXGroup;
			children = (
				00E677C028BD017700918BF0 /* MockOAuthService.swift */,
				0045FF7D28CB088900F2B0D3 /* MockGithubService.swift */,
			);
			path = Service;
			sourceTree = "<group>";
		};
		004D7ABB28C38748007D17D5 /* UploadToGithub */ = {
			isa = PBXGroup;
			children = (
				004D7ABC28C3875B007D17D5 /* RepositoryList.swift */,
				0095889128C9C999000FD6D5 /* UploadPopup.swift */,
			);
			path = UploadToGithub;
			sourceTree = "<group>";
		};
		0085688B28D6D48E00A88CB8 /* Extesnion */ = {
			isa = PBXGroup;
			children = (
				0085688C28D6D49C00A88CB8 /* ViewExtension.swift */,
			);
			path = Extesnion;
			sourceTree = "<group>";
		};
		00C7760A28CF5F7E008D1686 /* MyTemplate */ = {
			isa = PBXGroup;
			children = (
				00C7760B28CF5FAE008D1686 /* MyTemplateDetail.swift */,
				0085688528D6B09000A88CB8 /* MyTemplateList.swift */,
				0085688728D6CE6700A88CB8 /* TemplateCell.swift */,
			);
			path = MyTemplate;
			sourceTree = "<group>";
		};
		00DF161028B4F49A008A8A30 /* System */ = {
			isa = PBXGroup;
			children = (
				00DF161128B4F4AF008A8A30 /* DeepLinkHandlerTests.swift */,
			);
			path = System;
			sourceTree = "<group>";
		};
		00E677BD28BCF84500918BF0 /* Interactors */ = {
			isa = PBXGroup;
			children = (
				00E677BE28BCF86400918BF0 /* OAuthInteractorTests.swift */,
				0045FF8228CB0A1900F2B0D3 /* UploadToGithubInteractorTests.swift */,
			);
			path = Interactors;
			sourceTree = "<group>";
		};
		00F8F10828B4796500D688AC /* Service */ = {
			isa = PBXGroup;
			children = (
				00F8F10928B4798D00D688AC /* OAuthAuthenticatorTest.swift */,
				00DDBA9B28C37B2300FB1240 /* GithubServiceTests.swift */,
			);
			path = Service;
			sourceTree = "<group>";
		};
		00F8F10B28B47AB700D688AC /* Service */ = {
			isa = PBXGroup;
			children = (
				00F8F11028B4A09300D688AC /* API */,
				00F8F10C28B47AC200D688AC /* OAuthService.swift */,
				00DDBA9928C37A1A00FB1240 /* GithubService.swift */,
			);
			path = Service;
			sourceTree = "<group>";
		};
		00F8F11028B4A09300D688AC /* API */ = {
			isa = PBXGroup;
			children = (
				00F8F10E28B49E6300D688AC /* APICall.swift */,
				00F8F11128B4A0A500D688AC /* GithubAuthAPI.swift */,
				00DDBA9728C3786900FB1240 /* GithubRepAPI.swift */,
			);
			path = API;
			sourceTree = "<group>";
		};
		A7AFD1D128BBC6D9000D8167 /* Button */ = {
			isa = PBXGroup;
			children = (
				A7AFD1D828BC3F44000D8167 /* DismissButton.swift */,
				A7AFD1D228BBCCDC000D8167 /* BasicButton.swift */,
			);
			path = Button;
			sourceTree = "<group>";
		};
		A7AFD1DA28BC4485000D8167 /* View */ = {
			isa = PBXGroup;
			children = (
			);
			path = View;
			sourceTree = "<group>";
		};
/* End PBXGroup section */

/* Begin PBXNativeTarget section */
		002789812885986D00BDCDA4 /* LabelLab */ = {
			isa = PBXNativeTarget;
			buildConfigurationList = 002789A72885986F00BDCDA4 /* Build configuration list for PBXNativeTarget "LabelLab" */;
			buildPhases = (
				0044B17228BEE93D00613190 /* SwiftLint Script */,
				0027897E2885986D00BDCDA4 /* Sources */,
				0027897F2885986D00BDCDA4 /* Frameworks */,
				002789802885986D00BDCDA4 /* Resources */,
			);
			buildRules = (
			);
			dependencies = (
			);
			name = LabelLab;
			packageProductDependencies = (
				00A79A312886DD6C006D5DCD /* FirebaseAuth */,
				00A79A332886DD6C006D5DCD /* FirebaseFirestore */,
				00A79A352886DD6C006D5DCD /* FirebaseFirestoreSwift */,
				005F466328C4E5100072ED1E /* SDWebImageSwiftUI */,
				0095888F28C9C341000FD6D5 /* KeyChainWrapper */,
			);
			productName = LabelLab;
			productReference = 002789822885986D00BDCDA4 /* LabelLab.app */;
			productType = "com.apple.product-type.application";
		};
		002789922885986F00BDCDA4 /* LabelLabTests */ = {
			isa = PBXNativeTarget;
			buildConfigurationList = 002789AA2885986F00BDCDA4 /* Build configuration list for PBXNativeTarget "LabelLabTests" */;
			buildPhases = (
				0027898F2885986F00BDCDA4 /* Sources */,
				002789902885986F00BDCDA4 /* Frameworks */,
				002789912885986F00BDCDA4 /* Resources */,
			);
			buildRules = (
			);
			dependencies = (
				002789952885986F00BDCDA4 /* PBXTargetDependency */,
			);
			name = LabelLabTests;
			productName = LabelLabTests;
			productReference = 002789932885986F00BDCDA4 /* LabelLabTests.xctest */;
			productType = "com.apple.product-type.bundle.unit-test";
		};
		0027899C2885986F00BDCDA4 /* LabelLabUITests */ = {
			isa = PBXNativeTarget;
			buildConfigurationList = 002789AD2885986F00BDCDA4 /* Build configuration list for PBXNativeTarget "LabelLabUITests" */;
			buildPhases = (
				002789992885986F00BDCDA4 /* Sources */,
				0027899A2885986F00BDCDA4 /* Frameworks */,
				0027899B2885986F00BDCDA4 /* Resources */,
			);
			buildRules = (
			);
			dependencies = (
				0027899F2885986F00BDCDA4 /* PBXTargetDependency */,
			);
			name = LabelLabUITests;
			productName = LabelLabUITests;
			productReference = 0027899D2885986F00BDCDA4 /* LabelLabUITests.xctest */;
			productType = "com.apple.product-type.bundle.ui-testing";
		};
/* End PBXNativeTarget section */

/* Begin PBXProject section */
		0027897A2885986C00BDCDA4 /* Project object */ = {
			isa = PBXProject;
			attributes = {
				BuildIndependentTargetsInParallel = 1;
				LastSwiftUpdateCheck = 1400;
				LastUpgradeCheck = 1400;
				TargetAttributes = {
					002789812885986D00BDCDA4 = {
						CreatedOnToolsVersion = 14.0;
					};
					002789922885986F00BDCDA4 = {
						CreatedOnToolsVersion = 14.0;
						TestTargetID = 002789812885986D00BDCDA4;
					};
					0027899C2885986F00BDCDA4 = {
						CreatedOnToolsVersion = 14.0;
						TestTargetID = 002789812885986D00BDCDA4;
					};
				};
			};
			buildConfigurationList = 0027897D2885986C00BDCDA4 /* Build configuration list for PBXProject "LabelLab" */;
			compatibilityVersion = "Xcode 13.0";
			developmentRegion = en;
			hasScannedForEncodings = 0;
			knownRegions = (
				en,
				Base,
			);
			mainGroup = 002789792885986C00BDCDA4;
			packageReferences = (
				00A79A302886DD6C006D5DCD /* XCRemoteSwiftPackageReference "firebase-ios-sdk" */,
				005F466228C4E5100072ED1E /* XCRemoteSwiftPackageReference "SDWebImageSwiftUI" */,
				0095888E28C9C341000FD6D5 /* XCRemoteSwiftPackageReference "KeychainPackage" */,
			);
			productRefGroup = 002789832885986D00BDCDA4 /* Products */;
			projectDirPath = "";
			projectRoot = "";
			targets = (
				002789812885986D00BDCDA4 /* LabelLab */,
				002789922885986F00BDCDA4 /* LabelLabTests */,
				0027899C2885986F00BDCDA4 /* LabelLabUITests */,
			);
		};
/* End PBXProject section */

/* Begin PBXResourcesBuildPhase section */
		002789802885986D00BDCDA4 /* Resources */ = {
			isa = PBXResourcesBuildPhase;
			buildActionMask = 2147483647;
			files = (
				0044B17428BEE97600613190 /* .swiftlint.yml in Resources */,
				0027898D2885986F00BDCDA4 /* Preview Assets.xcassets in Resources */,
				0027898A2885986F00BDCDA4 /* Assets.xcassets in Resources */,
				00A79A2F2886DC48006D5DCD /* GoogleService-Info.plist in Resources */,
			);
			runOnlyForDeploymentPostprocessing = 0;
		};
		002789912885986F00BDCDA4 /* Resources */ = {
			isa = PBXResourcesBuildPhase;
			buildActionMask = 2147483647;
			files = (
			);
			runOnlyForDeploymentPostprocessing = 0;
		};
		0027899B2885986F00BDCDA4 /* Resources */ = {
			isa = PBXResourcesBuildPhase;
			buildActionMask = 2147483647;
			files = (
			);
			runOnlyForDeploymentPostprocessing = 0;
		};
/* End PBXResourcesBuildPhase section */

/* Begin PBXShellScriptBuildPhase section */
		0044B17228BEE93D00613190 /* SwiftLint Script */ = {
			isa = PBXShellScriptBuildPhase;
			buildActionMask = 2147483647;
			files = (
			);
			inputFileListPaths = (
			);
			inputPaths = (
			);
			name = "SwiftLint Script";
			outputFileListPaths = (
			);
			outputPaths = (
			);
			runOnlyForDeploymentPostprocessing = 0;
			shellPath = /bin/sh;
			shellScript = "export PATH=\"$PATH:/opt/homebrew/bin\" \nif which swiftlint > /dev/null; then\n  swiftlint\nelse\n  echo \"warning: SwiftLint not installed, download from https://github.com/realm/SwiftLint\"\nfi\n";
		};
/* End PBXShellScriptBuildPhase section */

/* Begin PBXSourcesBuildPhase section */
		0027897E2885986D00BDCDA4 /* Sources */ = {
			isa = PBXSourcesBuildPhase;
			buildActionMask = 2147483647;
			files = (
				A7AFD1D328BBCCDC000D8167 /* BasicButton.swift in Sources */,
				0037ADA228AE42E0000C36AC /* Interactors.swift in Sources */,
				0037ADA428AE4555000C36AC /* Loadable.swift in Sources */,
				0004A16B28CC7C6400D491C4 /* AccessTokenManager.swift in Sources */,
				00239D4828BC511C00CC1DC1 /* OAuthInteractor.swift in Sources */,
				004D7ABD28C3875B007D17D5 /* RepositoryList.swift in Sources */,
				0085688628D6B09000A88CB8 /* MyTemplateList.swift in Sources */,
				0038C29F28B50976009C98E2 /* AuthorizePopup.swift in Sources */,
				0037AD9E28AE3CCB000C36AC /* DIContainer.swift in Sources */,
				00674CA228AF7D4700E850B7 /* MockData.swift in Sources */,
				00DF161428B4F7C5008A8A30 /* DeepLinkHandler.swift in Sources */,
				0037ADA828AE5789000C36AC /* Template.swift in Sources */,
				00F8F10728B4785A00D688AC /* KeyStorage.swift in Sources */,
				0037ADAC28AE57A4000C36AC /* Label.swift in Sources */,
				00674CA028AF793C00E850B7 /* Color.swift in Sources */,
				0037AD9C28AE3AE4000C36AC /* AppState.swift in Sources */,
				0095889228C9C999000FD6D5 /* UploadPopup.swift in Sources */,
				001A757528CF538F001CE274 /* Tab.swift in Sources */,
				0037ADA628AE47CB000C36AC /* AuthenticationRequiredLoadable.swift in Sources */,
				00F8F11228B4A0A500D688AC /* GithubAuthAPI.swift in Sources */,
				0085688D28D6D49C00A88CB8 /* ViewExtension.swift in Sources */,
				0085688328D6A7F000A88CB8 /* DefaultButton.swift in Sources */,
				00E9334E28CD8229008ECC8B /* LogoutPopup.swift in Sources */,
				0085688A28D6D02000A88CB8 /* CircleButton.swift in Sources */,
				00DDBA9A28C37A1A00FB1240 /* GithubService.swift in Sources */,
				A7AFD1D928BC3F44000D8167 /* DismissButton.swift in Sources */,
				00F8F11228B4A0A500D688AC /* GithubAuthAPI.swift in Sources */,
				A762EF9C28D6F49B0042ADFC /* CustomImageButton.swift in Sources */,
				002789882885986D00BDCDA4 /* ContentView.swift in Sources */,
				0037ADA028AE41EE000C36AC /* Helpers.swift in Sources */,
				0085688128D69EDE00A88CB8 /* LabelCell.swift in Sources */,
				00B013F428C5826D001CE4A6 /* CircleWebImage.swift in Sources */,
				00DDBA9828C3786900FB1240 /* GithubRepAPI.swift in Sources */,
				00F8F10D28B47AC200D688AC /* OAuthService.swift in Sources */,
				0044B17628BEF57100613190 /* KeychainConst.swift in Sources */,
				00E9334C28CD76DB008ECC8B /* Sidebar.swift in Sources */,
				0037ADAA28AE579E000C36AC /* UserInfo.swift in Sources */,
				0085688828D6CE6700A88CB8 /* TemplateCell.swift in Sources */,
				00110E3A28BCEB6300BA327F /* URLSessionProtocol.swift in Sources */,
				00F8F10F28B49E6300D688AC /* APICall.swift in Sources */,
				002789862885986D00BDCDA4 /* LabelLabApp.swift in Sources */,
				00F8F11428B4A1A200D688AC /* URLCollection.swift in Sources */,
				000AF31C28C9FE4200B658A0 /* LabelDAO.swift in Sources */,
				00C7760C28CF5FAE008D1686 /* MyTemplateDetail.swift in Sources */,
				002D300428C37ECE00E8FC55 /* GithubRepository.swift in Sources */,
				0045FF8528CB0A7A00F2B0D3 /* UploadToGithubInteractor.swift in Sources */,
			);
			runOnlyForDeploymentPostprocessing = 0;
		};
		0027898F2885986F00BDCDA4 /* Sources */ = {
			isa = PBXSourcesBuildPhase;
			buildActionMask = 2147483647;
			files = (
				00110E3D28BCEC9100BA327F /* MockURLSession.swift in Sources */,
				00DF161228B4F4AF008A8A30 /* DeepLinkHandlerTests.swift in Sources */,
				00DDBA9C28C37B2300FB1240 /* GithubServiceTests.swift in Sources */,
				0036B29D28CB19BF00496966 /* Binding.swift in Sources */,
				00CB3F0C28C047BD006B1536 /* MockOAuthInteractor.swift in Sources */,
				00F8F10A28B4798D00D688AC /* OAuthAuthenticatorTest.swift in Sources */,
				00E677BF28BCF86400918BF0 /* OAuthInteractorTests.swift in Sources */,
				0004A16D28CC7F9C00D491C4 /* MockAccessTokenManager.swift in Sources */,
				00CB3F0F28C04940006B1536 /* MockDIContainer.swift in Sources */,
				00E677C128BD017700918BF0 /* MockOAuthService.swift in Sources */,
				0045FF7E28CB088900F2B0D3 /* MockGithubService.swift in Sources */,
				00617F5328BF4887008B5952 /* ConstantData.swift in Sources */,
				007151B528C9FC6D009438EE /* MockData.swift in Sources */,
				00110E4028BCED9700BA327F /* MockURLData.swift in Sources */,
				0045FF8328CB0A1900F2B0D3 /* UploadToGithubInteractorTests.swift in Sources */,
			);
			runOnlyForDeploymentPostprocessing = 0;
		};
		002789992885986F00BDCDA4 /* Sources */ = {
			isa = PBXSourcesBuildPhase;
			buildActionMask = 2147483647;
			files = (
				002789A42885986F00BDCDA4 /* LabelLabUITestsLaunchTests.swift in Sources */,
				002789A22885986F00BDCDA4 /* LabelLabUITests.swift in Sources */,
			);
			runOnlyForDeploymentPostprocessing = 0;
		};
/* End PBXSourcesBuildPhase section */

/* Begin PBXTargetDependency section */
		002789952885986F00BDCDA4 /* PBXTargetDependency */ = {
			isa = PBXTargetDependency;
			target = 002789812885986D00BDCDA4 /* LabelLab */;
			targetProxy = 002789942885986F00BDCDA4 /* PBXContainerItemProxy */;
		};
		0027899F2885986F00BDCDA4 /* PBXTargetDependency */ = {
			isa = PBXTargetDependency;
			target = 002789812885986D00BDCDA4 /* LabelLab */;
			targetProxy = 0027899E2885986F00BDCDA4 /* PBXContainerItemProxy */;
		};
/* End PBXTargetDependency section */

/* Begin XCBuildConfiguration section */
		002789A52885986F00BDCDA4 /* Debug */ = {
			isa = XCBuildConfiguration;
			buildSettings = {
				ALWAYS_SEARCH_USER_PATHS = NO;
				CLANG_ANALYZER_NONNULL = YES;
				CLANG_ANALYZER_NUMBER_OBJECT_CONVERSION = YES_AGGRESSIVE;
				CLANG_CXX_LANGUAGE_STANDARD = "gnu++20";
				CLANG_ENABLE_MODULES = YES;
				CLANG_ENABLE_OBJC_ARC = YES;
				CLANG_ENABLE_OBJC_WEAK = YES;
				CLANG_WARN_BLOCK_CAPTURE_AUTORELEASING = YES;
				CLANG_WARN_BOOL_CONVERSION = YES;
				CLANG_WARN_COMMA = YES;
				CLANG_WARN_CONSTANT_CONVERSION = YES;
				CLANG_WARN_DEPRECATED_OBJC_IMPLEMENTATIONS = YES;
				CLANG_WARN_DIRECT_OBJC_ISA_USAGE = YES_ERROR;
				CLANG_WARN_DOCUMENTATION_COMMENTS = YES;
				CLANG_WARN_EMPTY_BODY = YES;
				CLANG_WARN_ENUM_CONVERSION = YES;
				CLANG_WARN_INFINITE_RECURSION = YES;
				CLANG_WARN_INT_CONVERSION = YES;
				CLANG_WARN_NON_LITERAL_NULL_CONVERSION = YES;
				CLANG_WARN_OBJC_IMPLICIT_RETAIN_SELF = YES;
				CLANG_WARN_OBJC_LITERAL_CONVERSION = YES;
				CLANG_WARN_OBJC_ROOT_CLASS = YES_ERROR;
				CLANG_WARN_QUOTED_INCLUDE_IN_FRAMEWORK_HEADER = YES;
				CLANG_WARN_RANGE_LOOP_ANALYSIS = YES;
				CLANG_WARN_STRICT_PROTOTYPES = YES;
				CLANG_WARN_SUSPICIOUS_MOVE = YES;
				CLANG_WARN_UNGUARDED_AVAILABILITY = YES_AGGRESSIVE;
				CLANG_WARN_UNREACHABLE_CODE = YES;
				CLANG_WARN__DUPLICATE_METHOD_MATCH = YES;
				COPY_PHASE_STRIP = NO;
				DEAD_CODE_STRIPPING = YES;
				DEBUG_INFORMATION_FORMAT = dwarf;
				ENABLE_STRICT_OBJC_MSGSEND = YES;
				ENABLE_TESTABILITY = YES;
				GCC_C_LANGUAGE_STANDARD = gnu11;
				GCC_DYNAMIC_NO_PIC = NO;
				GCC_NO_COMMON_BLOCKS = YES;
				GCC_OPTIMIZATION_LEVEL = 0;
				GCC_PREPROCESSOR_DEFINITIONS = (
					"DEBUG=1",
					"$(inherited)",
				);
				GCC_WARN_64_TO_32_BIT_CONVERSION = YES;
				GCC_WARN_ABOUT_RETURN_TYPE = YES_ERROR;
				GCC_WARN_UNDECLARED_SELECTOR = YES;
				GCC_WARN_UNINITIALIZED_AUTOS = YES_AGGRESSIVE;
				GCC_WARN_UNUSED_FUNCTION = YES;
				GCC_WARN_UNUSED_VARIABLE = YES;
				MACOSX_DEPLOYMENT_TARGET = 12.0;
				MTL_ENABLE_DEBUG_INFO = INCLUDE_SOURCE;
				MTL_FAST_MATH = YES;
				ONLY_ACTIVE_ARCH = YES;
				SDKROOT = macosx;
				SWIFT_ACTIVE_COMPILATION_CONDITIONS = DEBUG;
				SWIFT_OPTIMIZATION_LEVEL = "-Onone";
			};
			name = Debug;
		};
		002789A62885986F00BDCDA4 /* Release */ = {
			isa = XCBuildConfiguration;
			buildSettings = {
				ALWAYS_SEARCH_USER_PATHS = NO;
				CLANG_ANALYZER_NONNULL = YES;
				CLANG_ANALYZER_NUMBER_OBJECT_CONVERSION = YES_AGGRESSIVE;
				CLANG_CXX_LANGUAGE_STANDARD = "gnu++20";
				CLANG_ENABLE_MODULES = YES;
				CLANG_ENABLE_OBJC_ARC = YES;
				CLANG_ENABLE_OBJC_WEAK = YES;
				CLANG_WARN_BLOCK_CAPTURE_AUTORELEASING = YES;
				CLANG_WARN_BOOL_CONVERSION = YES;
				CLANG_WARN_COMMA = YES;
				CLANG_WARN_CONSTANT_CONVERSION = YES;
				CLANG_WARN_DEPRECATED_OBJC_IMPLEMENTATIONS = YES;
				CLANG_WARN_DIRECT_OBJC_ISA_USAGE = YES_ERROR;
				CLANG_WARN_DOCUMENTATION_COMMENTS = YES;
				CLANG_WARN_EMPTY_BODY = YES;
				CLANG_WARN_ENUM_CONVERSION = YES;
				CLANG_WARN_INFINITE_RECURSION = YES;
				CLANG_WARN_INT_CONVERSION = YES;
				CLANG_WARN_NON_LITERAL_NULL_CONVERSION = YES;
				CLANG_WARN_OBJC_IMPLICIT_RETAIN_SELF = YES;
				CLANG_WARN_OBJC_LITERAL_CONVERSION = YES;
				CLANG_WARN_OBJC_ROOT_CLASS = YES_ERROR;
				CLANG_WARN_QUOTED_INCLUDE_IN_FRAMEWORK_HEADER = YES;
				CLANG_WARN_RANGE_LOOP_ANALYSIS = YES;
				CLANG_WARN_STRICT_PROTOTYPES = YES;
				CLANG_WARN_SUSPICIOUS_MOVE = YES;
				CLANG_WARN_UNGUARDED_AVAILABILITY = YES_AGGRESSIVE;
				CLANG_WARN_UNREACHABLE_CODE = YES;
				CLANG_WARN__DUPLICATE_METHOD_MATCH = YES;
				COPY_PHASE_STRIP = NO;
				DEAD_CODE_STRIPPING = YES;
				DEBUG_INFORMATION_FORMAT = "dwarf-with-dsym";
				ENABLE_NS_ASSERTIONS = NO;
				ENABLE_STRICT_OBJC_MSGSEND = YES;
				GCC_C_LANGUAGE_STANDARD = gnu11;
				GCC_NO_COMMON_BLOCKS = YES;
				GCC_WARN_64_TO_32_BIT_CONVERSION = YES;
				GCC_WARN_ABOUT_RETURN_TYPE = YES_ERROR;
				GCC_WARN_UNDECLARED_SELECTOR = YES;
				GCC_WARN_UNINITIALIZED_AUTOS = YES_AGGRESSIVE;
				GCC_WARN_UNUSED_FUNCTION = YES;
				GCC_WARN_UNUSED_VARIABLE = YES;
				MACOSX_DEPLOYMENT_TARGET = 12.0;
				MTL_ENABLE_DEBUG_INFO = NO;
				MTL_FAST_MATH = YES;
				SDKROOT = macosx;
				SWIFT_COMPILATION_MODE = wholemodule;
				SWIFT_OPTIMIZATION_LEVEL = "-O";
			};
			name = Release;
		};
		002789A82885986F00BDCDA4 /* Debug */ = {
			isa = XCBuildConfiguration;
			buildSettings = {
				ASSETCATALOG_COMPILER_APPICON_NAME = AppIcon;
				ASSETCATALOG_COMPILER_GLOBAL_ACCENT_COLOR_NAME = AccentColor;
				CODE_SIGN_ENTITLEMENTS = LabelLab/Resources/LabelLab.entitlements;
				CODE_SIGN_IDENTITY = "Apple Development";
				CODE_SIGN_STYLE = Automatic;
				COMBINE_HIDPI_IMAGES = YES;
				CURRENT_PROJECT_VERSION = 1;
				DEAD_CODE_STRIPPING = YES;
				DEVELOPMENT_ASSET_PATHS = "\"LabelLab/Resources";
				DEVELOPMENT_TEAM = 562Z37RH3N;
				ENABLE_PREVIEWS = YES;
				GENERATE_INFOPLIST_FILE = YES;
				INFOPLIST_FILE = LabelLab/Resources/Info.plist;
				INFOPLIST_KEY_LSApplicationCategoryType = "public.app-category.developer-tools";
				INFOPLIST_KEY_NSHumanReadableCopyright = "";
				LD_RUNPATH_SEARCH_PATHS = (
					"$(inherited)",
					"@executable_path/../Frameworks",
				);
				MACOSX_DEPLOYMENT_TARGET = 12.0;
				MARKETING_VERSION = 1.0;
				PRODUCT_BUNDLE_IDENTIFIER = team.leejongwoo.LabelLab;
				PRODUCT_NAME = "$(TARGET_NAME)";
				PROVISIONING_PROFILE_SPECIFIER = "";
				SWIFT_EMIT_LOC_STRINGS = YES;
				SWIFT_VERSION = 5.0;
			};
			name = Debug;
		};
		002789A92885986F00BDCDA4 /* Release */ = {
			isa = XCBuildConfiguration;
			buildSettings = {
				ASSETCATALOG_COMPILER_APPICON_NAME = AppIcon;
				ASSETCATALOG_COMPILER_GLOBAL_ACCENT_COLOR_NAME = AccentColor;
				CODE_SIGN_ENTITLEMENTS = LabelLab/Resources/LabelLab.entitlements;
				CODE_SIGN_IDENTITY = "-";
				CODE_SIGN_STYLE = Automatic;
				COMBINE_HIDPI_IMAGES = YES;
				CURRENT_PROJECT_VERSION = 1;
				DEAD_CODE_STRIPPING = YES;
				DEVELOPMENT_ASSET_PATHS = "\"LabelLab/Resources";
				ENABLE_PREVIEWS = YES;
				GENERATE_INFOPLIST_FILE = YES;
				INFOPLIST_FILE = LabelLab/Resources/Info.plist;
				INFOPLIST_KEY_LSApplicationCategoryType = "public.app-category.developer-tools";
				INFOPLIST_KEY_NSHumanReadableCopyright = "";
				LD_RUNPATH_SEARCH_PATHS = (
					"$(inherited)",
					"@executable_path/../Frameworks",
				);
				MACOSX_DEPLOYMENT_TARGET = 12.0;
				MARKETING_VERSION = 1.0;
				PRODUCT_BUNDLE_IDENTIFIER = team.leejongwoo.LabelLab;
				PRODUCT_NAME = "$(TARGET_NAME)";
				SWIFT_EMIT_LOC_STRINGS = YES;
				SWIFT_VERSION = 5.0;
			};
			name = Release;
		};
		002789AB2885986F00BDCDA4 /* Debug */ = {
			isa = XCBuildConfiguration;
			buildSettings = {
				ALWAYS_EMBED_SWIFT_STANDARD_LIBRARIES = YES;
				BUNDLE_LOADER = "$(TEST_HOST)";
				CODE_SIGN_STYLE = Automatic;
				CURRENT_PROJECT_VERSION = 1;
				DEAD_CODE_STRIPPING = YES;
				GENERATE_INFOPLIST_FILE = YES;
				MACOSX_DEPLOYMENT_TARGET = 12.0;
				MARKETING_VERSION = 1.0;
				PRODUCT_BUNDLE_IDENTIFIER = team.leejongwoo.LabelLabTests;
				PRODUCT_NAME = "$(TARGET_NAME)";
				SWIFT_EMIT_LOC_STRINGS = NO;
				SWIFT_VERSION = 5.0;
				TEST_HOST = "$(BUILT_PRODUCTS_DIR)/LabelLab.app/$(BUNDLE_EXECUTABLE_FOLDER_PATH)/LabelLab";
			};
			name = Debug;
		};
		002789AC2885986F00BDCDA4 /* Release */ = {
			isa = XCBuildConfiguration;
			buildSettings = {
				ALWAYS_EMBED_SWIFT_STANDARD_LIBRARIES = YES;
				BUNDLE_LOADER = "$(TEST_HOST)";
				CODE_SIGN_STYLE = Automatic;
				CURRENT_PROJECT_VERSION = 1;
				DEAD_CODE_STRIPPING = YES;
				GENERATE_INFOPLIST_FILE = YES;
				MACOSX_DEPLOYMENT_TARGET = 12.0;
				MARKETING_VERSION = 1.0;
				PRODUCT_BUNDLE_IDENTIFIER = team.leejongwoo.LabelLabTests;
				PRODUCT_NAME = "$(TARGET_NAME)";
				SWIFT_EMIT_LOC_STRINGS = NO;
				SWIFT_VERSION = 5.0;
				TEST_HOST = "$(BUILT_PRODUCTS_DIR)/LabelLab.app/$(BUNDLE_EXECUTABLE_FOLDER_PATH)/LabelLab";
			};
			name = Release;
		};
		002789AE2885986F00BDCDA4 /* Debug */ = {
			isa = XCBuildConfiguration;
			buildSettings = {
				ALWAYS_EMBED_SWIFT_STANDARD_LIBRARIES = YES;
				ASSETCATALOG_COMPILER_APPICON_NAME = AppIcon;
				CODE_SIGN_STYLE = Automatic;
				CURRENT_PROJECT_VERSION = 1;
				DEAD_CODE_STRIPPING = YES;
				GENERATE_INFOPLIST_FILE = YES;
				MARKETING_VERSION = 1.0;
				PRODUCT_BUNDLE_IDENTIFIER = team.leejongwoo.LabelLabUITests;
				PRODUCT_NAME = "$(TARGET_NAME)";
				SWIFT_EMIT_LOC_STRINGS = NO;
				SWIFT_VERSION = 5.0;
				TEST_TARGET_NAME = LabelLab;
			};
			name = Debug;
		};
		002789AF2885986F00BDCDA4 /* Release */ = {
			isa = XCBuildConfiguration;
			buildSettings = {
				ALWAYS_EMBED_SWIFT_STANDARD_LIBRARIES = YES;
				ASSETCATALOG_COMPILER_APPICON_NAME = AppIcon;
				CODE_SIGN_STYLE = Automatic;
				CURRENT_PROJECT_VERSION = 1;
				DEAD_CODE_STRIPPING = YES;
				GENERATE_INFOPLIST_FILE = YES;
				MARKETING_VERSION = 1.0;
				PRODUCT_BUNDLE_IDENTIFIER = team.leejongwoo.LabelLabUITests;
				PRODUCT_NAME = "$(TARGET_NAME)";
				SWIFT_EMIT_LOC_STRINGS = NO;
				SWIFT_VERSION = 5.0;
				TEST_TARGET_NAME = LabelLab;
			};
			name = Release;
		};
/* End XCBuildConfiguration section */

/* Begin XCConfigurationList section */
		0027897D2885986C00BDCDA4 /* Build configuration list for PBXProject "LabelLab" */ = {
			isa = XCConfigurationList;
			buildConfigurations = (
				002789A52885986F00BDCDA4 /* Debug */,
				002789A62885986F00BDCDA4 /* Release */,
			);
			defaultConfigurationIsVisible = 0;
			defaultConfigurationName = Release;
		};
		002789A72885986F00BDCDA4 /* Build configuration list for PBXNativeTarget "LabelLab" */ = {
			isa = XCConfigurationList;
			buildConfigurations = (
				002789A82885986F00BDCDA4 /* Debug */,
				002789A92885986F00BDCDA4 /* Release */,
			);
			defaultConfigurationIsVisible = 0;
			defaultConfigurationName = Release;
		};
		002789AA2885986F00BDCDA4 /* Build configuration list for PBXNativeTarget "LabelLabTests" */ = {
			isa = XCConfigurationList;
			buildConfigurations = (
				002789AB2885986F00BDCDA4 /* Debug */,
				002789AC2885986F00BDCDA4 /* Release */,
			);
			defaultConfigurationIsVisible = 0;
			defaultConfigurationName = Release;
		};
		002789AD2885986F00BDCDA4 /* Build configuration list for PBXNativeTarget "LabelLabUITests" */ = {
			isa = XCConfigurationList;
			buildConfigurations = (
				002789AE2885986F00BDCDA4 /* Debug */,
				002789AF2885986F00BDCDA4 /* Release */,
			);
			defaultConfigurationIsVisible = 0;
			defaultConfigurationName = Release;
		};
/* End XCConfigurationList section */

/* Begin XCRemoteSwiftPackageReference section */
		005F466228C4E5100072ED1E /* XCRemoteSwiftPackageReference "SDWebImageSwiftUI" */ = {
			isa = XCRemoteSwiftPackageReference;
			repositoryURL = "https://github.com/SDWebImage/SDWebImageSwiftUI";
			requirement = {
				kind = upToNextMajorVersion;
				minimumVersion = 2.0.0;
			};
		};
		0095888E28C9C341000FD6D5 /* XCRemoteSwiftPackageReference "KeychainPackage" */ = {
			isa = XCRemoteSwiftPackageReference;
			repositoryURL = "https://github.com/HoJongE/KeychainPackage";
			requirement = {
				kind = upToNextMajorVersion;
				minimumVersion = 1.0.0;
			};
		};
		00A79A302886DD6C006D5DCD /* XCRemoteSwiftPackageReference "firebase-ios-sdk" */ = {
			isa = XCRemoteSwiftPackageReference;
			repositoryURL = "https://github.com/firebase/firebase-ios-sdk";
			requirement = {
				kind = upToNextMajorVersion;
				minimumVersion = 9.0.0;
			};
		};
/* End XCRemoteSwiftPackageReference section */

/* Begin XCSwiftPackageProductDependency section */
		005F466328C4E5100072ED1E /* SDWebImageSwiftUI */ = {
			isa = XCSwiftPackageProductDependency;
			package = 005F466228C4E5100072ED1E /* XCRemoteSwiftPackageReference "SDWebImageSwiftUI" */;
			productName = SDWebImageSwiftUI;
		};
		0095888F28C9C341000FD6D5 /* KeyChainWrapper */ = {
			isa = XCSwiftPackageProductDependency;
			package = 0095888E28C9C341000FD6D5 /* XCRemoteSwiftPackageReference "KeychainPackage" */;
			productName = KeyChainWrapper;
		};
		00A79A312886DD6C006D5DCD /* FirebaseAuth */ = {
			isa = XCSwiftPackageProductDependency;
			package = 00A79A302886DD6C006D5DCD /* XCRemoteSwiftPackageReference "firebase-ios-sdk" */;
			productName = FirebaseAuth;
		};
		00A79A332886DD6C006D5DCD /* FirebaseFirestore */ = {
			isa = XCSwiftPackageProductDependency;
			package = 00A79A302886DD6C006D5DCD /* XCRemoteSwiftPackageReference "firebase-ios-sdk" */;
			productName = FirebaseFirestore;
		};
		00A79A352886DD6C006D5DCD /* FirebaseFirestoreSwift */ = {
			isa = XCSwiftPackageProductDependency;
			package = 00A79A302886DD6C006D5DCD /* XCRemoteSwiftPackageReference "firebase-ios-sdk" */;
			productName = FirebaseFirestoreSwift;
		};
/* End XCSwiftPackageProductDependency section */
	};
	rootObject = 0027897A2885986C00BDCDA4 /* Project object */;
}
